
Microsoft Visual Studio Solution File, Format Version 12.00
# Visual Studio Version 17
VisualStudioVersion = 17.7.34202.233
MinimumVisualStudioVersion = 10.0.40219.1
Project("{8BC9CEB8-8B4A-11D0-8D11-00A0C91BC942}") = "LinkedQueue", "LinkedQueue.vcxproj", "{EE37A961-5EF7-427E-8DAC-BE7C2387CE87}"
EndProject
Global
	GlobalSection(SolutionConfigurationPlatforms) = preSolution
		Debug|x64 = Debug|x64
		Debug|x86 = Debug|x86
		Release|x64 = Release|x64
		Release|x86 = Release|x86
	EndGlobalSection
	GlobalSection(ProjectConfigurationPlatforms) = postSolution
		{EE37A961-5EF7-427E-8DAC-BE7C2387CE87}.Debug|x64.ActiveCfg = Debug|x64
		{EE37A961-5EF7-427E-8DAC-BE7C2387CE87}.Debug|x64.Build.0 = Debug|x64
		{EE37A961-5EF7-427E-8DAC-BE7C2387CE87}.Debug|x86.ActiveCfg = Debug|Win32
		{EE37A961-5EF7-427E-8DAC-BE7C2387CE87}.Debug|x86.Build.0 = Debug|Win32
		{EE37A961-5EF7-427E-8DAC-BE7C2387CE87}.Release|x64.ActiveCfg = Release|x64
		{EE37A961-5EF7-427E-8DAC-BE7C2387CE87}.Release|x64.Build.0 = Release|x64
		{EE37A961-5EF7-427E-8DAC-BE7C2387CE87}.Release|x86.ActiveCfg = Release|Win32
		{EE37A961-5EF7-427E-8DAC-BE7C2387CE87}.Release|x86.Build.0 = Release|Win32
	EndGlobalSection
	GlobalSection(SolutionProperties) = preSolution
		HideSolutionNode = FALSE
	EndGlobalSection
	GlobalSection(ExtensibilityGlobals) = postSolution
		SolutionGuid = {D094358D-FBD8-4394-AF58-ECAF4036CFB1}
	EndGlobalSection
EndGlobal
