
Microsoft Visual Studio Solution File, Format Version 12.00
# Visual Studio Version 17
VisualStudioVersion = 17.7.34202.233
MinimumVisualStudioVersion = 10.0.40219.1
Project("{8BC9CEB8-8B4A-11D0-8D11-00A0C91BC942}") = "SequentialSearch", "SequentialSearch.vcxproj", "{91C0B29D-F541-4172-B905-3303F5AB7F45}"
EndProject
Global
	GlobalSection(SolutionConfigurationPlatforms) = preSolution
		Debug|x64 = Debug|x64
		Debug|x86 = Debug|x86
		Release|x64 = Release|x64
		Release|x86 = Release|x86
	EndGlobalSection
	GlobalSection(ProjectConfigurationPlatforms) = postSolution
		{91C0B29D-F541-4172-B905-3303F5AB7F45}.Debug|x64.ActiveCfg = Debug|x64
		{91C0B29D-F541-4172-B905-3303F5AB7F45}.Debug|x64.Build.0 = Debug|x64
		{91C0B29D-F541-4172-B905-3303F5AB7F45}.Debug|x86.ActiveCfg = Debug|Win32
		{91C0B29D-F541-4172-B905-3303F5AB7F45}.Debug|x86.Build.0 = Debug|Win32
		{91C0B29D-F541-4172-B905-3303F5AB7F45}.Release|x64.ActiveCfg = Release|x64
		{91C0B29D-F541-4172-B905-3303F5AB7F45}.Release|x64.Build.0 = Release|x64
		{91C0B29D-F541-4172-B905-3303F5AB7F45}.Release|x86.ActiveCfg = Release|Win32
		{91C0B29D-F541-4172-B905-3303F5AB7F45}.Release|x86.Build.0 = Release|Win32
	EndGlobalSection
	GlobalSection(SolutionProperties) = preSolution
		HideSolutionNode = FALSE
	EndGlobalSection
	GlobalSection(ExtensibilityGlobals) = postSolution
		SolutionGuid = {CE5681E4-DC86-4EB7-99AB-24A81FA0DB59}
	EndGlobalSection
EndGlobal
